
Microsoft Visual Studio Solution File, Format Version 12.00
# Visual Studio 14
VisualStudioVersion = 14.0.23107.0
MinimumVisualStudioVersion = 10.0.40219.1
Project("{FAE04EC0-301F-11D3-BF4B-00C04F79EFBC}") = "TestMay", "TestMay\TestMay.csproj", "{D5EE2677-5A80-43CD-9ADA-2A9B84133907}"
EndProject
Global
	GlobalSection(SolutionConfigurationPlatforms) = preSolution
		Debug|Any CPU = Debug|Any CPU
		Release|Any CPU = Release|Any CPU
	EndGlobalSection
	GlobalSection(ProjectConfigurationPlatforms) = postSolution
		{D5EE2677-5A80-43CD-9ADA-2A9B84133907}.Debug|Any CPU.ActiveCfg = Debug|Any CPU
		{D5EE2677-5A80-43CD-9ADA-2A9B84133907}.Debug|Any CPU.Build.0 = Debug|Any CPU
		{D5EE2677-5A80-43CD-9ADA-2A9B84133907}.Release|Any CPU.ActiveCfg = Release|Any CPU
		{D5EE2677-5A80-43CD-9ADA-2A9B84133907}.Release|Any CPU.Build.0 = Release|Any CPU
	EndGlobalSection
	GlobalSection(SolutionProperties) = preSolution
		HideSolutionNode = FALSE
	EndGlobalSection
EndGlobal
